# This file is autogenerated, do not edit; changes may be undone by the next 'dep ensure'.


[[projects]]
  digest = "1:41531922c7f47d5157308b4dd1abc6142c4c583845ce424ed9664db867fa48cf"
  name = "code.cloudfoundry.org/clock"
  packages = [
    ".",
    "fakeclock",
  ]
  pruneopts = "NUT"
  revision = "02e53af36e6c978af692887ed449b74026d76fec"
  version = "1.0.0"

[[projects]]
  branch = "master"
  digest = "1:01b441faa3ff0ad22ace4d3583b2d6d1e27bee4efb8b9024f23c2688b622ed42"
  name = "code.cloudfoundry.org/tlsconfig"
  packages = ["."]
  pruneopts = "NUT"
  revision = "bbe0f8da39b3c59d42217afcc79019c754dabdfb"

[[projects]]
  digest = "1:42800cc5868028ee21ff8252e541b2461244686ba0248cc1e3fcaee5082ded41"
  name = "github.com/bmatcuk/doublestar"
  packages = ["."]
  pruneopts = "NUT"
  revision = "ec92414acf6b37022a5de45c2cfb10569c523730"
  version = "v1.3.4"

[[projects]]
  branch = "master"
  digest = "1:58927c45bfdcd6550e5f1ab008eeeb6951474a232afa1dc690583f26c5f92cbd"
  name = "github.com/charlievieth/fs"
  packages = ["."]
  pruneopts = "NUT"
  revision = "454dded8b957bf46afc5122eaf5bf31847485a54"

[[projects]]
  branch = "master"
  digest = "1:3d3a6beb04065e29628f9d4f8fefeca4cc96932a8b0b83a03e9a3405b3538c11"
  name = "github.com/cloudfoundry/go-socks5"
  packages = ["."]
  pruneopts = "NUT"
  revision = "54f73bdb8a8e85a6611d3d29ab9bbf98c2a060d7"

[[projects]]
  digest = "1:6422faebc7a4f3c8f58ff0af81002db6bd2f09204d6005611415163091947ad1"
  name = "github.com/cloudfoundry/socks5-proxy"
  packages = ["."]
  pruneopts = "NUT"
  revision = "633b6fe4c3d8d72a4e7397a948027db02a8e2a96"
  version = "v0.2.0"

[[projects]]
  digest = "1:ffe9824d294da03b391f44e1ae8281281b4afc1bdaa9588c9097785e3af10cec"
  name = "github.com/davecgh/go-spew"
  packages = ["spew"]
  pruneopts = "NUT"
  revision = "8991bc29aa16c548c550c7ff78260e27b9ab7c73"
  version = "v1.1.1"

[[projects]]
  digest = "1:0914bf7efc3e3052163e92b859a89f3b407ad353d7c3b7f59a1bbb4fd05bb25d"
  name = "github.com/fsnotify/fsnotify"
  packages = ["."]
  pruneopts = "NUT"
  revision = "45d7d09e39ef4ac08d493309fa031790c15bfe8a"
  version = "v1.4.9"

[[projects]]
  digest = "1:903cefda69fade8ffb9f4c16008da9f5d2bd949c69925f34b9bca5e3e639eb8c"
  name = "github.com/golang/protobuf"
  packages = ["proto"]
  pruneopts = "NUT"
  revision = "4846b58453b3708320bdb524f25cc5a1d9cda4d4"
  version = "v1.4.3"

[[projects]]
  digest = "1:d0fbb40af7faf9cc62d1728be5fdd140ae17ce6e2aac6371971a0a6a2cc139d3"
  name = "github.com/jessevdk/go-flags"
  packages = ["."]
  pruneopts = "NUT"
  revision = "c6ca198ec95c841fdb89fc0de7496fed11ab854e"
  version = "v1.4.0"

[[projects]]
  digest = "1:ebd0081aed1cd0af2f65a362c0ceea985eae9fe72efb28cefb84eca3b98dd3a3"
  name = "github.com/jpillora/backoff"
  packages = ["."]
  pruneopts = "NUT"
  revision = "8eab2debe79d12b7bd3d10653910df25fa9552ba"
  version = "1.0.0"

[[projects]]
  digest = "1:0d33e8f4230cafee906332f45cc456ce2b66ac18a1edc40a9c87e3e68682d08b"
  name = "github.com/maxbrunsfeld/counterfeiter"
  packages = [
    ".",
    "arguments",
    "generator",
  ]
  pruneopts = "NUT"
  revision = "2d74a219416bffff638e30a3775c76715f1968a7"
  version = "v6.0.1"

[[projects]]
  branch = "master"
  digest = "1:16bbae9910129be5a18b951eabacd54414d3faea094dfab92bb3c84884d46b11"
  name = "github.com/nu7hatch/gouuid"
  packages = ["."]
  pruneopts = "NUT"
  revision = "179d4d0c4d8d407a32af483c2354df1d2c91e6c3"

[[projects]]
  digest = "1:17995b544cdab2ad44419d8c9f551416c63c0fdee5a8b916373188623ed77ea5"
  name = "github.com/nxadm/tail"
  packages = [
    ".",
    "ratelimiter",
    "util",
    "watch",
    "winfile",
  ]
  pruneopts = "NUT"
  revision = "2683a83f3fb0c35b4908abeecadf6704cede46d1"
  version = "v1.4.5"

[[projects]]
  digest = "1:63c7ef43595a6277340cfb29aa5b5b6ef9254a8d59360c06145ebe4314e62cac"
  name = "github.com/onsi/ginkgo"
  packages = [
    ".",
    "config",
    "ginkgo",
    "ginkgo/convert",
    "ginkgo/interrupthandler",
    "ginkgo/nodot",
    "ginkgo/testrunner",
    "ginkgo/testsuite",
    "ginkgo/watch",
    "internal/codelocation",
    "internal/containernode",
    "internal/failer",
    "internal/global",
    "internal/leafnodes",
    "internal/remote",
    "internal/spec",
    "internal/spec_iterator",
    "internal/specrunner",
    "internal/suite",
    "internal/testingtproxy",
    "internal/writer",
    "reporters",
    "reporters/stenographer",
    "reporters/stenographer/support/go-colorable",
    "reporters/stenographer/support/go-isatty",
    "types",
  ]
  pruneopts = "NUT"
  revision = "55c858784e51c26077949c81b6defb6b97b76944"
  version = "v1.14.2"

[[projects]]
  digest = "1:34be348337536eaa0dac9b418d503faaf0d735a853ef4ce938564ad036ba4a80"
  name = "github.com/onsi/gomega"
  packages = [
    ".",
    "format",
    "gbytes",
    "gexec",
    "ghttp",
    "internal/assertion",
    "internal/asyncassertion",
    "internal/oraclematcher",
    "internal/testingtsupport",
    "matchers",
    "matchers/support/goraph/bipartitegraph",
    "matchers/support/goraph/edge",
    "matchers/support/goraph/node",
    "matchers/support/goraph/util",
    "types",
  ]
  pruneopts = "NUT"
  revision = "46e0cd22c9d45e5745e994abc67b128504ad7727"
  version = "v1.10.3"

[[projects]]
  branch = "master"
  digest = "1:13979d473f6b97aeadb4a882bf4c519324ced3975479e54686e08c3e9e50bc25"
  name = "github.com/pivotal-cf/paraphernalia"
  packages = ["secure/tlsconfig"]
  pruneopts = "NUT"
  revision = "a64ae2051c20c5cde13292a41db01029566134ba"

[[projects]]
  digest = "1:0028cb19b2e4c3112225cd871870f2d9cf49b9b4276531f03438a88e94be86fe"
  name = "github.com/pmezard/go-difflib"
  packages = ["difflib"]
  pruneopts = "NUT"
  revision = "792786c7400a136282c1664665ae0a8db921c6c2"
  version = "v1.0.0"

[[projects]]
  digest = "1:c59bbf7751c26b0fd98789cc8a8bdedc8377a61506537f62874902e597b20fa3"
  name = "github.com/stretchr/testify"
  packages = ["assert"]
  pruneopts = "NUT"
  revision = "f654a9112bbeac49ca2cd45bfbe11533c4666cf8"
  version = "v1.6.1"

[[projects]]
  branch = "master"
  digest = "1:e53ab76a50aca3eba9826aa14b8eef4e6fc7f99e093da6a45941eff99be6745d"
  name = "golang.org/x/crypto"
  packages = [
    "blowfish",
    "chacha20",
    "curve25519",
    "ed25519",
    "ed25519/internal/edwards25519",
    "internal/subtle",
    "poly1305",
    "ssh",
    "ssh/internal/bcrypt_pbkdf",
  ]
  pruneopts = "NUT"
  revision = "c1f2f97bffc9c53fc40a1a28a5b460094c0050d9"

[[projects]]
  digest = "1:467bb8fb8fa786448b8d486cd0bb7c1a5577dcd7310441aa02a20110cd9f727d"
  name = "golang.org/x/mod"
  packages = [
    "module",
    "semver",
  ]
  pruneopts = "NUT"
  revision = "859b3ef565e237f9f1a0fb6b55385c497545680d"
  version = "v0.3.0"

[[projects]]
  branch = "master"
  digest = "1:914e04a3377a725d4ebcd634d4b4e056257ae08abdee4a62e876f595b003897b"
  name = "golang.org/x/net"
  packages = [
    "context",
    "html",
    "html/atom",
    "html/charset",
    "internal/socks",
    "proxy",
  ]
  pruneopts = "NUT"
  revision = "69a78807bb2bb6d1599c68698c6b009505012083"

[[projects]]
  branch = "master"
  digest = "1:fafaee974d64eecf4745c8e66c3eedd944d6831408072afbe6cb26c5c9e24d2b"
  name = "golang.org/x/sys"
  packages = [
    "cpu",
    "internal/unsafeheader",
    "unix",
  ]
  pruneopts = "NUT"
  revision = "f84b799fce68db3cb46a8f6f819c1e56377181df"

[[projects]]
  digest = "1:d0ce967403a66635e6b31005cd17ae75c32408a632df63bc4d4e1c20992503f3"
  name = "golang.org/x/text"
  packages = [
    "encoding",
    "encoding/charmap",
    "encoding/htmlindex",
    "encoding/internal",
    "encoding/internal/identifier",
    "encoding/japanese",
    "encoding/korean",
    "encoding/simplifiedchinese",
    "encoding/traditionalchinese",
    "encoding/unicode",
    "internal/gen",
    "internal/language",
    "internal/language/compact",
    "internal/tag",
    "internal/utf8internal",
    "language",
    "runes",
    "transform",
    "unicode/cldr",
  ]
  pruneopts = "NUT"
  revision = "22f1617af38ed4cd65b3b96e02bab267e560155c"
  version = "v0.3.4"

[[projects]]
  branch = "master"
  digest = "1:2fa7f2e65654266eb8da513b7e5b97b26aff6f55cadde23e3bde8e2709987856"
  name = "golang.org/x/tools"
  packages = [
    "go/ast/astutil",
    "go/gcexportdata",
    "go/internal/gcimporter",
    "go/internal/packagesdriver",
    "go/packages",
    "go/types/typeutil",
    "imports",
    "internal/event",
    "internal/event/core",
    "internal/event/keys",
    "internal/event/label",
    "internal/fastwalk",
    "internal/gocommand",
    "internal/gopathwalk",
    "internal/imports",
    "internal/packagesinternal",
    "internal/typesinternal",
  ]
  pruneopts = "NUT"
  revision = "780cb80bd7fbb444813fc4b6be83a7ede5cd0d7d"

[[projects]]
  branch = "master"
  digest = "1:325a1b73817aa79fc85f10376ed41ea607f7dd7f6c6bfa46df6a28ef2857941f"
  name = "golang.org/x/xerrors"
  packages = [
    ".",
    "internal",
  ]
  pruneopts = "NUT"
  revision = "5ec99f83aff198f5fbd629d6c8d8eb38a04218ca"

[[projects]]
  digest = "1:cccb3a18e62abaccd19c309fc01a69da2509719f5a453cb2e66969f670503245"
  name = "google.golang.org/protobuf"
  packages = [
    "encoding/prototext",
    "encoding/protowire",
    "internal/descfmt",
    "internal/descopts",
    "internal/detrand",
    "internal/encoding/defval",
    "internal/encoding/messageset",
    "internal/encoding/tag",
    "internal/encoding/text",
    "internal/errors",
    "internal/fieldsort",
    "internal/filedesc",
    "internal/filetype",
    "internal/flags",
    "internal/genid",
    "internal/impl",
    "internal/mapsort",
    "internal/pragma",
    "internal/set",
    "internal/strs",
    "internal/version",
    "proto",
    "reflect/protoreflect",
    "reflect/protoregistry",
    "runtime/protoiface",
    "runtime/protoimpl",
  ]
  pruneopts = "NUT"
  revision = "3f7a61f89bb6813f89d981d1870ed68da0b3c3f1"
  version = "v1.25.0"

[[projects]]
  branch = "v1"
  digest = "1:8fb1ccb16a6cfecbfdfeb84d8ea1cc7afa8f9ef16526bc2326f72d993e32cef1"
  name = "gopkg.in/tomb.v1"
  packages = ["."]
  pruneopts = "NUT"
  revision = "dd632973f1e7218eb1089048e0798ec9ae7dceb8"

[[projects]]
  digest = "1:62a89978829993fb84e755bff5ae0e3d84837228898fd55b1a88a885036e1e51"
  name = "gopkg.in/yaml.v2"
  packages = ["."]
  pruneopts = "NUT"
  revision = "0b1645d91e851e735d3e23330303ce81f70adbe3"
  version = "v2.3.0"

[[projects]]
  branch = "v3"
  digest = "1:c9a53b5be2654e3d1d466419bb389371ff3755220ec3cafd43dd8742fb7aebdd"
  name = "gopkg.in/yaml.v3"
  packages = ["."]
  pruneopts = "NUT"
  revision = "eeeca48fe7764f320e4870d231902bf9c1be2c08"

[solve-meta]
  analyzer-name = "dep"
  analyzer-version = 1
  input-imports = [
    "code.cloudfoundry.org/clock/fakeclock",
    "code.cloudfoundry.org/tlsconfig",
    "github.com/bmatcuk/doublestar",
    "github.com/charlievieth/fs",
    "github.com/cloudfoundry/socks5-proxy",
    "github.com/jessevdk/go-flags",
    "github.com/jpillora/backoff",
    "github.com/maxbrunsfeld/counterfeiter",
    "github.com/nu7hatch/gouuid",
    "github.com/onsi/ginkgo",
    "github.com/onsi/ginkgo/ginkgo",
    "github.com/onsi/gomega",
    "github.com/onsi/gomega/gbytes",
    "github.com/onsi/gomega/gexec",
    "github.com/onsi/gomega/ghttp",
    "github.com/pivotal-cf/paraphernalia/secure/tlsconfig",
    "github.com/stretchr/testify/assert",
    "golang.org/x/net/proxy",
    "gopkg.in/yaml.v2",
  ]
  solver-name = "gps-cdcl"
  solver-version = 1
